{
  "version": 4,
  "terraform_version": "1.1.8",
  "serial": 749,
  "lineage": "47437215-c390-046a-b1a6-8ce060e90fe2",
  "outputs": {
    "cgw_arns": {
      "value": [],
      "type": [
        "tuple",
        []
      ]
    },
    "cgw_ids": {
      "value": [],
      "type": [
        "tuple",
        []
      ]
    },
    "database_internet_gateway_route_id": {
      "value": "",
      "type": "string"
    },
    "database_ipv6_egress_route_id": {
      "value": "",
      "type": "string"
    },
    "database_nat_gateway_route_ids": {
      "value": [],
      "type": [
        "tuple",
        []
      ]
    },
    "database_network_acl_arn": {
      "value": "",
      "type": "string"
    },
    "database_network_acl_id": {
      "value": "",
      "type": "string"
    },
    "database_route_table_association_ids": {
      "value": [
        "rtbassoc-0c3664ed9b3687675",
        "rtbassoc-0d557946fd6dd68cb",
        "rtbassoc-03a71d234a4e929bf"
      ],
      "type": [
        "tuple",
        [
          "string",
          "string",
          "string"
        ]
      ]
    },
    "database_route_table_ids": {
      "value": [
        "rtb-066ffa86d4e0ab81e"
      ],
      "type": [
        "tuple",
        [
          "string"
        ]
      ]
    },
    "database_subnet_arns": {
      "value": [
        "arn:aws:ec2:ap-northeast-2:925767758380:subnet/subnet-06ab09fd5d84f9192",
        "arn:aws:ec2:ap-northeast-2:925767758380:subnet/subnet-065120ed7f33a1961",
        "arn:aws:ec2:ap-northeast-2:925767758380:subnet/subnet-06566abc1415e50fa"
      ],
      "type": [
        "tuple",
        [
          "string",
          "string",
          "string"
        ]
      ]
    },
    "database_subnet_group": {
      "value": "simple-vpc",
      "type": "string"
    },
    "database_subnet_group_name": {
      "value": "simple-vpc",
      "type": "string"
    },
    "database_subnets": {
      "value": [
        "subnet-06ab09fd5d84f9192",
        "subnet-065120ed7f33a1961",
        "subnet-06566abc1415e50fa"
      ],
      "type": [
        "tuple",
        [
          "string",
          "string",
          "string"
        ]
      ]
    },
    "database_subnets_cidr_blocks": {
      "value": [
        "10.0.201.0/24",
        "10.0.202.0/24",
        "10.0.203.0/24"
      ],
      "type": [
        "tuple",
        [
          "string",
          "string",
          "string"
        ]
      ]
    },
    "database_subnets_ipv6_cidr_blocks": {
      "value": [
        null,
        null,
        null
      ],
      "type": [
        "tuple",
        [
          "string",
          "string",
          "string"
        ]
      ]
    },
    "default_network_acl_id": {
      "value": "acl-07266c5874f156faf",
      "type": "string"
    },
    "default_route_table_id": {
      "value": "rtb-06314bdb00c0727c0",
      "type": "string"
    },
    "default_security_group_id": {
      "value": "sg-0423077964f5fcfd5",
      "type": "string"
    },
    "default_vpc_arn": {
      "value": "",
      "type": "string"
    },
    "default_vpc_cidr_block": {
      "value": "",
      "type": "string"
    },
    "default_vpc_default_network_acl_id": {
      "value": "",
      "type": "string"
    },
    "default_vpc_default_route_table_id": {
      "value": "",
      "type": "string"
    },
    "default_vpc_default_security_group_id": {
      "value": "",
      "type": "string"
    },
    "default_vpc_enable_dns_hostnames": {
      "value": "",
      "type": "string"
    },
    "default_vpc_enable_dns_support": {
      "value": "",
      "type": "string"
    },
    "default_vpc_id": {
      "value": "",
      "type": "string"
    },
    "default_vpc_instance_tenancy": {
      "value": "",
      "type": "string"
    },
    "default_vpc_main_route_table_id": {
      "value": "",
      "type": "string"
    },
    "dhcp_options_id": {
      "value": "",
      "type": "string"
    },
    "egress_only_internet_gateway_id": {
      "value": "eigw-0225d5ac174d2b250",
      "type": "string"
    },
    "igw_arn": {
      "value": "arn:aws:ec2:ap-northeast-2:925767758380:internet-gateway/igw-04c228120ed6434e0",
      "type": "string"
    },
    "igw_id": {
      "value": "igw-04c228120ed6434e0",
      "type": "string"
    },
    "nat_ids": {
      "value": [
        "eipalloc-016f317fe6f8897f1"
      ],
      "type": [
        "tuple",
        [
          "string"
        ]
      ]
    },
    "nat_public_ips": {
      "value": [
        "43.200.80.70"
      ],
      "type": [
        "list",
        "string"
      ]
    },
    "natgw_ids": {
      "value": [
        "nat-0497be9be17e28864"
      ],
      "type": [
        "tuple",
        [
          "string"
        ]
      ]
    },
    "private_ipv6_egress_route_ids": {
      "value": [
        "r-rtb-066ffa86d4e0ab81e2750132062",
        "r-rtb-066ffa86d4e0ab81e2750132062",
        "r-rtb-066ffa86d4e0ab81e2750132062"
      ],
      "type": [
        "tuple",
        [
          "string",
          "string",
          "string"
        ]
      ]
    },
    "private_nat_gateway_route_ids": {
      "value": [
        "r-rtb-066ffa86d4e0ab81e1080289494"
      ],
      "type": [
        "tuple",
        [
          "string"
        ]
      ]
    },
    "private_network_acl_arn": {
      "value": "",
      "type": "string"
    },
    "private_network_acl_id": {
      "value": "",
      "type": "string"
    },
    "private_route_table_association_ids": {
      "value": [
        "rtbassoc-0095bdeace55d8432",
        "rtbassoc-098ebbc66b47c97fb",
        "rtbassoc-054d71a2c7b7d36cb"
      ],
      "type": [
        "tuple",
        [
          "string",
          "string",
          "string"
        ]
      ]
    },
    "private_route_table_ids": {
      "value": [
        "rtb-066ffa86d4e0ab81e"
      ],
      "type": [
        "tuple",
        [
          "string"
        ]
      ]
    },
    "private_subnet_arns": {
      "value": [
        "arn:aws:ec2:ap-northeast-2:925767758380:subnet/subnet-029901e6e82b6fd74",
        "arn:aws:ec2:ap-northeast-2:925767758380:subnet/subnet-09bcea1495647241f",
        "arn:aws:ec2:ap-northeast-2:925767758380:subnet/subnet-0d55cb42078620243"
      ],
      "type": [
        "tuple",
        [
          "string",
          "string",
          "string"
        ]
      ]
    },
    "private_subnets": {
      "value": [
        "subnet-029901e6e82b6fd74",
        "subnet-09bcea1495647241f",
        "subnet-0d55cb42078620243"
      ],
      "type": [
        "tuple",
        [
          "string",
          "string",
          "string"
        ]
      ]
    },
    "private_subnets_cidr_blocks": {
      "value": [
        "10.0.1.0/24",
        "10.0.2.0/24",
        "10.0.3.0/24"
      ],
      "type": [
        "tuple",
        [
          "string",
          "string",
          "string"
        ]
      ]
    },
    "private_subnets_ipv6_cidr_blocks": {
      "value": [
        null,
        null,
        null
      ],
      "type": [
        "tuple",
        [
          "string",
          "string",
          "string"
        ]
      ]
    },
    "public_internet_gateway_ipv6_route_id": {
      "value": "r-rtb-0bd161e65bf2da2c02750132062",
      "type": "string"
    },
    "public_internet_gateway_route_id": {
      "value": "r-rtb-0bd161e65bf2da2c01080289494",
      "type": "string"
    },
    "public_network_acl_arn": {
      "value": "",
      "type": "string"
    },
    "public_network_acl_id": {
      "value": "",
      "type": "string"
    },
    "public_route_table_association_ids": {
      "value": [
        "rtbassoc-07fdab05744ae23a2",
        "rtbassoc-0a5d6845aa8d32203",
        "rtbassoc-06fe0f91afdf1818e"
      ],
      "type": [
        "tuple",
        [
          "string",
          "string",
          "string"
        ]
      ]
    },
    "public_route_table_ids": {
      "value": [
        "rtb-0bd161e65bf2da2c0"
      ],
      "type": [
        "tuple",
        [
          "string"
        ]
      ]
    },
    "public_subnet_arns": {
      "value": [
        "arn:aws:ec2:ap-northeast-2:925767758380:subnet/subnet-041ea40205cbaea2b",
        "arn:aws:ec2:ap-northeast-2:925767758380:subnet/subnet-059f8c6b5c4b805a6",
        "arn:aws:ec2:ap-northeast-2:925767758380:subnet/subnet-09d4e856a94e12a33"
      ],
      "type": [
        "tuple",
        [
          "string",
          "string",
          "string"
        ]
      ]
    },
    "public_subnets": {
      "value": [
        "subnet-041ea40205cbaea2b",
        "subnet-059f8c6b5c4b805a6",
        "subnet-09d4e856a94e12a33"
      ],
      "type": [
        "tuple",
        [
          "string",
          "string",
          "string"
        ]
      ]
    },
    "public_subnets_cidr_blocks": {
      "value": [
        "10.0.101.0/24",
        "10.0.102.0/24",
        "10.0.103.0/24"
      ],
      "type": [
        "tuple",
        [
          "string",
          "string",
          "string"
        ]
      ]
    },
    "public_subnets_ipv6_cidr_blocks": {
      "value": [
        null,
        null,
        null
      ],
      "type": [
        "tuple",
        [
          "string",
          "string",
          "string"
        ]
      ]
    },
    "this_customer_gateway": {
      "value": {},
      "type": [
        "object",
        {}
      ]
    },
    "vgw_arn": {
      "value": "",
      "type": "string"
    },
    "vgw_id": {
      "value": "",
      "type": "string"
    },
    "vpc_arn": {
      "value": "arn:aws:ec2:ap-northeast-2:925767758380:vpc/vpc-0ddf16ed3e5ac4d66",
      "type": "string"
    },
    "vpc_cidr_block": {
      "value": "10.0.0.0/16",
      "type": "string"
    },
    "vpc_enable_dns_hostnames": {
      "value": false,
      "type": "bool"
    },
    "vpc_enable_dns_support": {
      "value": true,
      "type": "bool"
    },
    "vpc_id": {
      "value": "vpc-0ddf16ed3e5ac4d66",
      "type": "string"
    },
    "vpc_instance_tenancy": {
      "value": "default",
      "type": "string"
    },
    "vpc_ipv6_association_id": {
      "value": "vpc-cidr-assoc-0a12400a3cbb90a35",
      "type": "string"
    },
    "vpc_ipv6_cidr_block": {
      "value": "2406:da12:726:8100::/56",
      "type": "string"
    },
    "vpc_main_route_table_id": {
      "value": "rtb-06314bdb00c0727c0",
      "type": "string"
    },
    "vpc_owner_id": {
      "value": "925767758380",
      "type": "string"
    },
    "vpc_secondary_cidr_blocks": {
      "value": [],
      "type": [
        "tuple",
        []
      ]
    }
  },
  "resources": [
    {
      "module": "module.vpc",
      "mode": "managed",
      "type": "aws_db_subnet_group",
      "name": "database",
      "provider": "provider[\"registry.terraform.io/hashicorp/aws\"]",
      "instances": [
        {
          "index_key": 0,
          "schema_version": 0,
          "attributes": {
            "arn": "arn:aws:rds:ap-northeast-2:925767758380:subgrp:simple-vpc",
            "description": "Database subnet group for simple-vpc",
            "id": "simple-vpc",
            "name": "simple-vpc",
            "name_prefix": null,
            "subnet_ids": [
              "subnet-065120ed7f33a1961",
              "subnet-06566abc1415e50fa",
              "subnet-06ab09fd5d84f9192"
            ],
            "tags": {
              "Environment": "dev",
              "Name": "simple-vpc",
              "Owner": "user"
            },
            "tags_all": {
              "Environment": "dev",
              "Name": "simple-vpc",
              "Owner": "user"
            }
          },
          "sensitive_attributes": [],
          "private": "bnVsbA==",
          "dependencies": [
            "module.vpc.aws_subnet.database",
            "module.vpc.aws_vpc.this",
            "module.vpc.aws_vpc_ipv4_cidr_block_association.this"
          ]
        }
      ]
    },
    {
      "module": "module.vpc",
      "mode": "managed",
      "type": "aws_egress_only_internet_gateway",
      "name": "this",
      "provider": "provider[\"registry.terraform.io/hashicorp/aws\"]",
      "instances": [
        {
          "index_key": 0,
          "schema_version": 0,
          "attributes": {
            "id": "eigw-0225d5ac174d2b250",
            "tags": {
              "Environment": "dev",
              "Name": "simple-vpc",
              "Owner": "user"
            },
            "tags_all": {
              "Environment": "dev",
              "Name": "simple-vpc",
              "Owner": "user"
            },
            "vpc_id": "vpc-0ddf16ed3e5ac4d66"
          },
          "sensitive_attributes": [],
          "private": "bnVsbA==",
          "dependencies": [
            "module.vpc.aws_vpc.this",
            "module.vpc.aws_vpc_ipv4_cidr_block_association.this"
          ]
        }
      ]
    },
    {
      "module": "module.vpc",
      "mode": "managed",
      "type": "aws_eip",
      "name": "nat",
      "provider": "provider[\"registry.terraform.io/hashicorp/aws\"]",
      "instances": [
        {
          "index_key": 0,
          "schema_version": 0,
          "attributes": {
            "address": null,
            "allocation_id": "eipalloc-016f317fe6f8897f1",
            "associate_with_private_ip": null,
            "association_id": "",
            "carrier_ip": "",
            "customer_owned_ip": "",
            "customer_owned_ipv4_pool": "",
            "domain": "vpc",
            "id": "eipalloc-016f317fe6f8897f1",
            "instance": "",
            "network_border_group": "ap-northeast-2",
            "network_interface": "",
            "private_dns": null,
            "private_ip": "",
            "public_dns": "ec2-43-200-80-70.ap-northeast-2.compute.amazonaws.com",
            "public_ip": "43.200.80.70",
            "public_ipv4_pool": "amazon",
            "tags": {
              "Environment": "dev",
              "Name": "simple-vpc-ap-northeast-2a",
              "Owner": "user"
            },
            "tags_all": {
              "Environment": "dev",
              "Name": "simple-vpc-ap-northeast-2a",
              "Owner": "user"
            },
            "timeouts": null,
            "vpc": true
          },
          "sensitive_attributes": [],
          "private": "eyJlMmJmYjczMC1lY2FhLTExZTYtOGY4OC0zNDM2M2JjN2M0YzAiOnsiZGVsZXRlIjoxODAwMDAwMDAwMDAsInJlYWQiOjkwMDAwMDAwMDAwMCwidXBkYXRlIjozMDAwMDAwMDAwMDB9fQ=="
        }
      ]
    },
    {
      "module": "module.vpc",
      "mode": "managed",
      "type": "aws_internet_gateway",
      "name": "this",
      "provider": "provider[\"registry.terraform.io/hashicorp/aws\"]",
      "instances": [
        {
          "index_key": 0,
          "schema_version": 0,
          "attributes": {
            "arn": "arn:aws:ec2:ap-northeast-2:925767758380:internet-gateway/igw-04c228120ed6434e0",
            "id": "igw-04c228120ed6434e0",
            "owner_id": "925767758380",
            "tags": {
              "Environment": "dev",
              "Name": "simple-vpc",
              "Owner": "user"
            },
            "tags_all": {
              "Environment": "dev",
              "Name": "simple-vpc",
              "Owner": "user"
            },
            "vpc_id": "vpc-0ddf16ed3e5ac4d66"
          },
          "sensitive_attributes": [],
          "private": "bnVsbA==",
          "dependencies": [
            "module.vpc.aws_vpc.this",
            "module.vpc.aws_vpc_ipv4_cidr_block_association.this"
          ]
        }
      ]
    },
    {
      "module": "module.vpc",
      "mode": "managed",
      "type": "aws_nat_gateway",
      "name": "this",
      "provider": "provider[\"registry.terraform.io/hashicorp/aws\"]",
      "instances": [
        {
          "index_key": 0,
          "schema_version": 0,
          "attributes": {
            "allocation_id": "eipalloc-016f317fe6f8897f1",
            "connectivity_type": "public",
            "id": "nat-0497be9be17e28864",
            "network_interface_id": "eni-0139b5ddb5130bd4b",
            "private_ip": "10.0.101.36",
            "public_ip": "43.200.80.70",
            "subnet_id": "subnet-041ea40205cbaea2b",
            "tags": {
              "Environment": "dev",
              "Name": "simple-vpc-ap-northeast-2a",
              "Owner": "user"
            },
            "tags_all": {
              "Environment": "dev",
              "Name": "simple-vpc-ap-northeast-2a",
              "Owner": "user"
            }
          },
          "sensitive_attributes": [],
          "private": "bnVsbA==",
          "dependencies": [
            "module.vpc.aws_eip.nat",
            "module.vpc.aws_internet_gateway.this",
            "module.vpc.aws_subnet.public",
            "module.vpc.aws_vpc.this",
            "module.vpc.aws_vpc_ipv4_cidr_block_association.this"
          ]
        }
      ]
    },
    {
      "module": "module.vpc",
      "mode": "managed",
      "type": "aws_route",
      "name": "private_ipv6_egress",
      "provider": "provider[\"registry.terraform.io/hashicorp/aws\"]",
      "instances": [
        {
          "index_key": 0,
          "schema_version": 0,
          "attributes": {
            "carrier_gateway_id": "",
            "core_network_arn": "",
            "destination_cidr_block": "",
            "destination_ipv6_cidr_block": "::/0",
            "destination_prefix_list_id": "",
            "egress_only_gateway_id": "eigw-0225d5ac174d2b250",
            "gateway_id": "",
            "id": "r-rtb-066ffa86d4e0ab81e2750132062",
            "instance_id": "",
            "instance_owner_id": "",
            "local_gateway_id": "",
            "nat_gateway_id": "",
            "network_interface_id": "",
            "origin": "CreateRoute",
            "route_table_id": "rtb-066ffa86d4e0ab81e",
            "state": "active",
            "timeouts": null,
            "transit_gateway_id": "",
            "vpc_endpoint_id": "",
            "vpc_peering_connection_id": ""
          },
          "sensitive_attributes": [],
          "private": "eyJlMmJmYjczMC1lY2FhLTExZTYtOGY4OC0zNDM2M2JjN2M0YzAiOnsiY3JlYXRlIjozMDAwMDAwMDAwMDAsImRlbGV0ZSI6MzAwMDAwMDAwMDAwLCJ1cGRhdGUiOjEyMDAwMDAwMDAwMH19",
          "dependencies": [
            "module.vpc.aws_egress_only_internet_gateway.this",
            "module.vpc.aws_route_table.private",
            "module.vpc.aws_vpc.this",
            "module.vpc.aws_vpc_ipv4_cidr_block_association.this"
          ]
        },
        {
          "index_key": 1,
          "schema_version": 0,
          "attributes": {
            "carrier_gateway_id": "",
            "core_network_arn": "",
            "destination_cidr_block": "",
            "destination_ipv6_cidr_block": "::/0",
            "destination_prefix_list_id": "",
            "egress_only_gateway_id": "eigw-0225d5ac174d2b250",
            "gateway_id": "",
            "id": "r-rtb-066ffa86d4e0ab81e2750132062",
            "instance_id": "",
            "instance_owner_id": "",
            "local_gateway_id": "",
            "nat_gateway_id": "",
            "network_interface_id": "",
            "origin": "CreateRoute",
            "route_table_id": "rtb-066ffa86d4e0ab81e",
            "state": "active",
            "timeouts": null,
            "transit_gateway_id": "",
            "vpc_endpoint_id": "",
            "vpc_peering_connection_id": ""
          },
          "sensitive_attributes": [],
          "private": "eyJlMmJmYjczMC1lY2FhLTExZTYtOGY4OC0zNDM2M2JjN2M0YzAiOnsiY3JlYXRlIjozMDAwMDAwMDAwMDAsImRlbGV0ZSI6MzAwMDAwMDAwMDAwLCJ1cGRhdGUiOjEyMDAwMDAwMDAwMH19",
          "dependencies": [
            "module.vpc.aws_egress_only_internet_gateway.this",
            "module.vpc.aws_route_table.private",
            "module.vpc.aws_vpc.this",
            "module.vpc.aws_vpc_ipv4_cidr_block_association.this"
          ]
        },
        {
          "index_key": 2,
          "schema_version": 0,
          "attributes": {
            "carrier_gateway_id": "",
            "core_network_arn": "",
            "destination_cidr_block": "",
            "destination_ipv6_cidr_block": "::/0",
            "destination_prefix_list_id": "",
            "egress_only_gateway_id": "eigw-0225d5ac174d2b250",
            "gateway_id": "",
            "id": "r-rtb-066ffa86d4e0ab81e2750132062",
            "instance_id": "",
            "instance_owner_id": "",
            "local_gateway_id": "",
            "nat_gateway_id": "",
            "network_interface_id": "",
            "origin": "CreateRoute",
            "route_table_id": "rtb-066ffa86d4e0ab81e",
            "state": "active",
            "timeouts": null,
            "transit_gateway_id": "",
            "vpc_endpoint_id": "",
            "vpc_peering_connection_id": ""
          },
          "sensitive_attributes": [],
          "private": "eyJlMmJmYjczMC1lY2FhLTExZTYtOGY4OC0zNDM2M2JjN2M0YzAiOnsiY3JlYXRlIjozMDAwMDAwMDAwMDAsImRlbGV0ZSI6MzAwMDAwMDAwMDAwLCJ1cGRhdGUiOjEyMDAwMDAwMDAwMH19",
          "dependencies": [
            "module.vpc.aws_egress_only_internet_gateway.this",
            "module.vpc.aws_route_table.private",
            "module.vpc.aws_vpc.this",
            "module.vpc.aws_vpc_ipv4_cidr_block_association.this"
          ]
        }
      ]
    },
    {
      "module": "module.vpc",
      "mode": "managed",
      "type": "aws_route",
      "name": "private_nat_gateway",
      "provider": "provider[\"registry.terraform.io/hashicorp/aws\"]",
      "instances": [
        {
          "index_key": 0,
          "schema_version": 0,
          "attributes": {
            "carrier_gateway_id": "",
            "core_network_arn": "",
            "destination_cidr_block": "0.0.0.0/0",
            "destination_ipv6_cidr_block": "",
            "destination_prefix_list_id": "",
            "egress_only_gateway_id": "",
            "gateway_id": "",
            "id": "r-rtb-066ffa86d4e0ab81e1080289494",
            "instance_id": "",
            "instance_owner_id": "",
            "local_gateway_id": "",
            "nat_gateway_id": "nat-0497be9be17e28864",
            "network_interface_id": "",
            "origin": "CreateRoute",
            "route_table_id": "rtb-066ffa86d4e0ab81e",
            "state": "active",
            "timeouts": {
              "create": "5m",
              "delete": null,
              "update": null
            },
            "transit_gateway_id": "",
            "vpc_endpoint_id": "",
            "vpc_peering_connection_id": ""
          },
          "sensitive_attributes": [],
          "private": "eyJlMmJmYjczMC1lY2FhLTExZTYtOGY4OC0zNDM2M2JjN2M0YzAiOnsiY3JlYXRlIjozMDAwMDAwMDAwMDAsImRlbGV0ZSI6MzAwMDAwMDAwMDAwLCJ1cGRhdGUiOjEyMDAwMDAwMDAwMH19",
          "dependencies": [
            "module.vpc.aws_eip.nat",
            "module.vpc.aws_internet_gateway.this",
            "module.vpc.aws_nat_gateway.this",
            "module.vpc.aws_route_table.private",
            "module.vpc.aws_subnet.public",
            "module.vpc.aws_vpc.this",
            "module.vpc.aws_vpc_ipv4_cidr_block_association.this"
          ]
        }
      ]
    },
    {
      "module": "module.vpc",
      "mode": "managed",
      "type": "aws_route",
      "name": "public_internet_gateway",
      "provider": "provider[\"registry.terraform.io/hashicorp/aws\"]",
      "instances": [
        {
          "index_key": 0,
          "schema_version": 0,
          "attributes": {
            "carrier_gateway_id": "",
            "core_network_arn": "",
            "destination_cidr_block": "0.0.0.0/0",
            "destination_ipv6_cidr_block": "",
            "destination_prefix_list_id": "",
            "egress_only_gateway_id": "",
            "gateway_id": "igw-04c228120ed6434e0",
            "id": "r-rtb-0bd161e65bf2da2c01080289494",
            "instance_id": "",
            "instance_owner_id": "",
            "local_gateway_id": "",
            "nat_gateway_id": "",
            "network_interface_id": "",
            "origin": "CreateRoute",
            "route_table_id": "rtb-0bd161e65bf2da2c0",
            "state": "active",
            "timeouts": {
              "create": "5m",
              "delete": null,
              "update": null
            },
            "transit_gateway_id": "",
            "vpc_endpoint_id": "",
            "vpc_peering_connection_id": ""
          },
          "sensitive_attributes": [],
          "private": "eyJlMmJmYjczMC1lY2FhLTExZTYtOGY4OC0zNDM2M2JjN2M0YzAiOnsiY3JlYXRlIjozMDAwMDAwMDAwMDAsImRlbGV0ZSI6MzAwMDAwMDAwMDAwLCJ1cGRhdGUiOjEyMDAwMDAwMDAwMH19",
          "dependencies": [
            "module.vpc.aws_internet_gateway.this",
            "module.vpc.aws_route_table.public",
            "module.vpc.aws_vpc.this",
            "module.vpc.aws_vpc_ipv4_cidr_block_association.this"
          ]
        }
      ]
    },
    {
      "module": "module.vpc",
      "mode": "managed",
      "type": "aws_route",
      "name": "public_internet_gateway_ipv6",
      "provider": "provider[\"registry.terraform.io/hashicorp/aws\"]",
      "instances": [
        {
          "index_key": 0,
          "schema_version": 0,
          "attributes": {
            "carrier_gateway_id": "",
            "core_network_arn": "",
            "destination_cidr_block": "",
            "destination_ipv6_cidr_block": "::/0",
            "destination_prefix_list_id": "",
            "egress_only_gateway_id": "",
            "gateway_id": "igw-04c228120ed6434e0",
            "id": "r-rtb-0bd161e65bf2da2c02750132062",
            "instance_id": "",
            "instance_owner_id": "",
            "local_gateway_id": "",
            "nat_gateway_id": "",
            "network_interface_id": "",
            "origin": "CreateRoute",
            "route_table_id": "rtb-0bd161e65bf2da2c0",
            "state": "active",
            "timeouts": null,
            "transit_gateway_id": "",
            "vpc_endpoint_id": "",
            "vpc_peering_connection_id": ""
          },
          "sensitive_attributes": [],
          "private": "eyJlMmJmYjczMC1lY2FhLTExZTYtOGY4OC0zNDM2M2JjN2M0YzAiOnsiY3JlYXRlIjozMDAwMDAwMDAwMDAsImRlbGV0ZSI6MzAwMDAwMDAwMDAwLCJ1cGRhdGUiOjEyMDAwMDAwMDAwMH19",
          "dependencies": [
            "module.vpc.aws_internet_gateway.this",
            "module.vpc.aws_route_table.public",
            "module.vpc.aws_vpc.this",
            "module.vpc.aws_vpc_ipv4_cidr_block_association.this"
          ]
        }
      ]
    },
    {
      "module": "module.vpc",
      "mode": "managed",
      "type": "aws_route_table",
      "name": "private",
      "provider": "provider[\"registry.terraform.io/hashicorp/aws\"]",
      "instances": [
        {
          "index_key": 0,
          "schema_version": 0,
          "attributes": {
            "arn": "arn:aws:ec2:ap-northeast-2:925767758380:route-table/rtb-066ffa86d4e0ab81e",
            "id": "rtb-066ffa86d4e0ab81e",
            "owner_id": "925767758380",
            "propagating_vgws": [],
            "route": [],
            "tags": {
              "Environment": "dev",
              "Name": "simple-vpc-private",
              "Owner": "user"
            },
            "tags_all": {
              "Environment": "dev",
              "Name": "simple-vpc-private",
              "Owner": "user"
            },
            "timeouts": null,
            "vpc_id": "vpc-0ddf16ed3e5ac4d66"
          },
          "sensitive_attributes": [],
          "private": "eyJlMmJmYjczMC1lY2FhLTExZTYtOGY4OC0zNDM2M2JjN2M0YzAiOnsiY3JlYXRlIjozMDAwMDAwMDAwMDAsImRlbGV0ZSI6MzAwMDAwMDAwMDAwLCJ1cGRhdGUiOjEyMDAwMDAwMDAwMH19",
          "dependencies": [
            "module.vpc.aws_vpc.this",
            "module.vpc.aws_vpc_ipv4_cidr_block_association.this"
          ]
        }
      ]
    },
    {
      "module": "module.vpc",
      "mode": "managed",
      "type": "aws_route_table",
      "name": "public",
      "provider": "provider[\"registry.terraform.io/hashicorp/aws\"]",
      "instances": [
        {
          "index_key": 0,
          "schema_version": 0,
          "attributes": {
            "arn": "arn:aws:ec2:ap-northeast-2:925767758380:route-table/rtb-0bd161e65bf2da2c0",
            "id": "rtb-0bd161e65bf2da2c0",
            "owner_id": "925767758380",
            "propagating_vgws": [],
            "route": [],
            "tags": {
              "Environment": "dev",
              "Name": "simple-vpc-public",
              "Owner": "user"
            },
            "tags_all": {
              "Environment": "dev",
              "Name": "simple-vpc-public",
              "Owner": "user"
            },
            "timeouts": null,
            "vpc_id": "vpc-0ddf16ed3e5ac4d66"
          },
          "sensitive_attributes": [],
          "private": "eyJlMmJmYjczMC1lY2FhLTExZTYtOGY4OC0zNDM2M2JjN2M0YzAiOnsiY3JlYXRlIjozMDAwMDAwMDAwMDAsImRlbGV0ZSI6MzAwMDAwMDAwMDAwLCJ1cGRhdGUiOjEyMDAwMDAwMDAwMH19",
          "dependencies": [
            "module.vpc.aws_vpc.this",
            "module.vpc.aws_vpc_ipv4_cidr_block_association.this"
          ]
        }
      ]
    },
    {
      "module": "module.vpc",
      "mode": "managed",
      "type": "aws_route_table_association",
      "name": "database",
      "provider": "provider[\"registry.terraform.io/hashicorp/aws\"]",
      "instances": [
        {
          "index_key": 0,
          "schema_version": 0,
          "attributes": {
            "gateway_id": "",
            "id": "rtbassoc-0c3664ed9b3687675",
            "route_table_id": "rtb-066ffa86d4e0ab81e",
            "subnet_id": "subnet-06ab09fd5d84f9192"
          },
          "sensitive_attributes": [],
          "private": "bnVsbA==",
          "dependencies": [
            "module.vpc.aws_route_table.database",
            "module.vpc.aws_route_table.private",
            "module.vpc.aws_subnet.database",
            "module.vpc.aws_vpc.this",
            "module.vpc.aws_vpc_ipv4_cidr_block_association.this"
          ]
        },
        {
          "index_key": 1,
          "schema_version": 0,
          "attributes": {
            "gateway_id": "",
            "id": "rtbassoc-0d557946fd6dd68cb",
            "route_table_id": "rtb-066ffa86d4e0ab81e",
            "subnet_id": "subnet-065120ed7f33a1961"
          },
          "sensitive_attributes": [],
          "private": "bnVsbA==",
          "dependencies": [
            "module.vpc.aws_route_table.database",
            "module.vpc.aws_route_table.private",
            "module.vpc.aws_subnet.database",
            "module.vpc.aws_vpc.this",
            "module.vpc.aws_vpc_ipv4_cidr_block_association.this"
          ]
        },
        {
          "index_key": 2,
          "schema_version": 0,
          "attributes": {
            "gateway_id": "",
            "id": "rtbassoc-03a71d234a4e929bf",
            "route_table_id": "rtb-066ffa86d4e0ab81e",
            "subnet_id": "subnet-06566abc1415e50fa"
          },
          "sensitive_attributes": [],
          "private": "bnVsbA==",
          "dependencies": [
            "module.vpc.aws_route_table.database",
            "module.vpc.aws_route_table.private",
            "module.vpc.aws_subnet.database",
            "module.vpc.aws_vpc.this",
            "module.vpc.aws_vpc_ipv4_cidr_block_association.this"
          ]
        }
      ]
    },
    {
      "module": "module.vpc",
      "mode": "managed",
      "type": "aws_route_table_association",
      "name": "private",
      "provider": "provider[\"registry.terraform.io/hashicorp/aws\"]",
      "instances": [
        {
          "index_key": 0,
          "schema_version": 0,
          "attributes": {
            "gateway_id": "",
            "id": "rtbassoc-0095bdeace55d8432",
            "route_table_id": "rtb-066ffa86d4e0ab81e",
            "subnet_id": "subnet-029901e6e82b6fd74"
          },
          "sensitive_attributes": [],
          "private": "bnVsbA==",
          "dependencies": [
            "module.vpc.aws_route_table.private",
            "module.vpc.aws_subnet.private",
            "module.vpc.aws_vpc.this",
            "module.vpc.aws_vpc_ipv4_cidr_block_association.this"
          ]
        },
        {
          "index_key": 1,
          "schema_version": 0,
          "attributes": {
            "gateway_id": "",
            "id": "rtbassoc-098ebbc66b47c97fb",
            "route_table_id": "rtb-066ffa86d4e0ab81e",
            "subnet_id": "subnet-09bcea1495647241f"
          },
          "sensitive_attributes": [],
          "private": "bnVsbA==",
          "dependencies": [
            "module.vpc.aws_route_table.private",
            "module.vpc.aws_subnet.private",
            "module.vpc.aws_vpc.this",
            "module.vpc.aws_vpc_ipv4_cidr_block_association.this"
          ]
        },
        {
          "index_key": 2,
          "schema_version": 0,
          "attributes": {
            "gateway_id": "",
            "id": "rtbassoc-054d71a2c7b7d36cb",
            "route_table_id": "rtb-066ffa86d4e0ab81e",
            "subnet_id": "subnet-0d55cb42078620243"
          },
          "sensitive_attributes": [],
          "private": "bnVsbA==",
          "dependencies": [
            "module.vpc.aws_route_table.private",
            "module.vpc.aws_subnet.private",
            "module.vpc.aws_vpc.this",
            "module.vpc.aws_vpc_ipv4_cidr_block_association.this"
          ]
        }
      ]
    },
    {
      "module": "module.vpc",
      "mode": "managed",
      "type": "aws_route_table_association",
      "name": "public",
      "provider": "provider[\"registry.terraform.io/hashicorp/aws\"]",
      "instances": [
        {
          "index_key": 0,
          "schema_version": 0,
          "attributes": {
            "gateway_id": "",
            "id": "rtbassoc-07fdab05744ae23a2",
            "route_table_id": "rtb-0bd161e65bf2da2c0",
            "subnet_id": "subnet-041ea40205cbaea2b"
          },
          "sensitive_attributes": [],
          "private": "bnVsbA==",
          "dependencies": [
            "module.vpc.aws_route_table.public",
            "module.vpc.aws_subnet.public",
            "module.vpc.aws_vpc.this",
            "module.vpc.aws_vpc_ipv4_cidr_block_association.this"
          ]
        },
        {
          "index_key": 1,
          "schema_version": 0,
          "attributes": {
            "gateway_id": "",
            "id": "rtbassoc-0a5d6845aa8d32203",
            "route_table_id": "rtb-0bd161e65bf2da2c0",
            "subnet_id": "subnet-059f8c6b5c4b805a6"
          },
          "sensitive_attributes": [],
          "private": "bnVsbA==",
          "dependencies": [
            "module.vpc.aws_route_table.public",
            "module.vpc.aws_subnet.public",
            "module.vpc.aws_vpc.this",
            "module.vpc.aws_vpc_ipv4_cidr_block_association.this"
          ]
        },
        {
          "index_key": 2,
          "schema_version": 0,
          "attributes": {
            "gateway_id": "",
            "id": "rtbassoc-06fe0f91afdf1818e",
            "route_table_id": "rtb-0bd161e65bf2da2c0",
            "subnet_id": "subnet-09d4e856a94e12a33"
          },
          "sensitive_attributes": [],
          "private": "bnVsbA==",
          "dependencies": [
            "module.vpc.aws_route_table.public",
            "module.vpc.aws_subnet.public",
            "module.vpc.aws_vpc.this",
            "module.vpc.aws_vpc_ipv4_cidr_block_association.this"
          ]
        }
      ]
    },
    {
      "module": "module.vpc",
      "mode": "managed",
      "type": "aws_subnet",
      "name": "database",
      "provider": "provider[\"registry.terraform.io/hashicorp/aws\"]",
      "instances": [
        {
          "index_key": 0,
          "schema_version": 1,
          "attributes": {
            "arn": "arn:aws:ec2:ap-northeast-2:925767758380:subnet/subnet-06ab09fd5d84f9192",
            "assign_ipv6_address_on_creation": false,
            "availability_zone": "ap-northeast-2a",
            "availability_zone_id": "apne2-az1",
            "cidr_block": "10.0.201.0/24",
            "customer_owned_ipv4_pool": "",
            "enable_dns64": false,
            "enable_resource_name_dns_a_record_on_launch": false,
            "enable_resource_name_dns_aaaa_record_on_launch": false,
            "id": "subnet-06ab09fd5d84f9192",
            "ipv6_cidr_block": "",
            "ipv6_cidr_block_association_id": "",
            "ipv6_native": false,
            "map_customer_owned_ip_on_launch": false,
            "map_public_ip_on_launch": false,
            "outpost_arn": "",
            "owner_id": "925767758380",
            "private_dns_hostname_type_on_launch": "ip-name",
            "tags": {
              "Environment": "dev",
              "Name": "simple-vpc-db-ap-northeast-2a",
              "Owner": "user"
            },
            "tags_all": {
              "Environment": "dev",
              "Name": "simple-vpc-db-ap-northeast-2a",
              "Owner": "user"
            },
            "timeouts": null,
            "vpc_id": "vpc-0ddf16ed3e5ac4d66"
          },
          "sensitive_attributes": [],
          "private": "eyJlMmJmYjczMC1lY2FhLTExZTYtOGY4OC0zNDM2M2JjN2M0YzAiOnsiY3JlYXRlIjo2MDAwMDAwMDAwMDAsImRlbGV0ZSI6MTIwMDAwMDAwMDAwMH0sInNjaGVtYV92ZXJzaW9uIjoiMSJ9",
          "dependencies": [
            "module.vpc.aws_vpc.this",
            "module.vpc.aws_vpc_ipv4_cidr_block_association.this"
          ]
        },
        {
          "index_key": 1,
          "schema_version": 1,
          "attributes": {
            "arn": "arn:aws:ec2:ap-northeast-2:925767758380:subnet/subnet-065120ed7f33a1961",
            "assign_ipv6_address_on_creation": false,
            "availability_zone": "ap-northeast-2b",
            "availability_zone_id": "apne2-az2",
            "cidr_block": "10.0.202.0/24",
            "customer_owned_ipv4_pool": "",
            "enable_dns64": false,
            "enable_resource_name_dns_a_record_on_launch": false,
            "enable_resource_name_dns_aaaa_record_on_launch": false,
            "id": "subnet-065120ed7f33a1961",
            "ipv6_cidr_block": "",
            "ipv6_cidr_block_association_id": "",
            "ipv6_native": false,
            "map_customer_owned_ip_on_launch": false,
            "map_public_ip_on_launch": false,
            "outpost_arn": "",
            "owner_id": "925767758380",
            "private_dns_hostname_type_on_launch": "ip-name",
            "tags": {
              "Environment": "dev",
              "Name": "simple-vpc-db-ap-northeast-2b",
              "Owner": "user"
            },
            "tags_all": {
              "Environment": "dev",
              "Name": "simple-vpc-db-ap-northeast-2b",
              "Owner": "user"
            },
            "timeouts": null,
            "vpc_id": "vpc-0ddf16ed3e5ac4d66"
          },
          "sensitive_attributes": [],
          "private": "eyJlMmJmYjczMC1lY2FhLTExZTYtOGY4OC0zNDM2M2JjN2M0YzAiOnsiY3JlYXRlIjo2MDAwMDAwMDAwMDAsImRlbGV0ZSI6MTIwMDAwMDAwMDAwMH0sInNjaGVtYV92ZXJzaW9uIjoiMSJ9",
          "dependencies": [
            "module.vpc.aws_vpc.this",
            "module.vpc.aws_vpc_ipv4_cidr_block_association.this"
          ]
        },
        {
          "index_key": 2,
          "schema_version": 1,
          "attributes": {
            "arn": "arn:aws:ec2:ap-northeast-2:925767758380:subnet/subnet-06566abc1415e50fa",
            "assign_ipv6_address_on_creation": false,
            "availability_zone": "ap-northeast-2c",
            "availability_zone_id": "apne2-az3",
            "cidr_block": "10.0.203.0/24",
            "customer_owned_ipv4_pool": "",
            "enable_dns64": false,
            "enable_resource_name_dns_a_record_on_launch": false,
            "enable_resource_name_dns_aaaa_record_on_launch": false,
            "id": "subnet-06566abc1415e50fa",
            "ipv6_cidr_block": "",
            "ipv6_cidr_block_association_id": "",
            "ipv6_native": false,
            "map_customer_owned_ip_on_launch": false,
            "map_public_ip_on_launch": false,
            "outpost_arn": "",
            "owner_id": "925767758380",
            "private_dns_hostname_type_on_launch": "ip-name",
            "tags": {
              "Environment": "dev",
              "Name": "simple-vpc-db-ap-northeast-2c",
              "Owner": "user"
            },
            "tags_all": {
              "Environment": "dev",
              "Name": "simple-vpc-db-ap-northeast-2c",
              "Owner": "user"
            },
            "timeouts": null,
            "vpc_id": "vpc-0ddf16ed3e5ac4d66"
          },
          "sensitive_attributes": [],
          "private": "eyJlMmJmYjczMC1lY2FhLTExZTYtOGY4OC0zNDM2M2JjN2M0YzAiOnsiY3JlYXRlIjo2MDAwMDAwMDAwMDAsImRlbGV0ZSI6MTIwMDAwMDAwMDAwMH0sInNjaGVtYV92ZXJzaW9uIjoiMSJ9",
          "dependencies": [
            "module.vpc.aws_vpc.this",
            "module.vpc.aws_vpc_ipv4_cidr_block_association.this"
          ]
        }
      ]
    },
    {
      "module": "module.vpc",
      "mode": "managed",
      "type": "aws_subnet",
      "name": "private",
      "provider": "provider[\"registry.terraform.io/hashicorp/aws\"]",
      "instances": [
        {
          "index_key": 0,
          "schema_version": 1,
          "attributes": {
            "arn": "arn:aws:ec2:ap-northeast-2:925767758380:subnet/subnet-029901e6e82b6fd74",
            "assign_ipv6_address_on_creation": false,
            "availability_zone": "ap-northeast-2a",
            "availability_zone_id": "apne2-az1",
            "cidr_block": "10.0.1.0/24",
            "customer_owned_ipv4_pool": "",
            "enable_dns64": false,
            "enable_resource_name_dns_a_record_on_launch": false,
            "enable_resource_name_dns_aaaa_record_on_launch": false,
            "id": "subnet-029901e6e82b6fd74",
            "ipv6_cidr_block": "",
            "ipv6_cidr_block_association_id": "",
            "ipv6_native": false,
            "map_customer_owned_ip_on_launch": false,
            "map_public_ip_on_launch": false,
            "outpost_arn": "",
            "owner_id": "925767758380",
            "private_dns_hostname_type_on_launch": "ip-name",
            "tags": {
              "Environment": "dev",
              "Name": "simple-vpc-private-ap-northeast-2a",
              "Owner": "user"
            },
            "tags_all": {
              "Environment": "dev",
              "Name": "simple-vpc-private-ap-northeast-2a",
              "Owner": "user"
            },
            "timeouts": null,
            "vpc_id": "vpc-0ddf16ed3e5ac4d66"
          },
          "sensitive_attributes": [],
          "private": "eyJlMmJmYjczMC1lY2FhLTExZTYtOGY4OC0zNDM2M2JjN2M0YzAiOnsiY3JlYXRlIjo2MDAwMDAwMDAwMDAsImRlbGV0ZSI6MTIwMDAwMDAwMDAwMH0sInNjaGVtYV92ZXJzaW9uIjoiMSJ9",
          "dependencies": [
            "module.vpc.aws_vpc.this",
            "module.vpc.aws_vpc_ipv4_cidr_block_association.this"
          ]
        },
        {
          "index_key": 1,
          "schema_version": 1,
          "attributes": {
            "arn": "arn:aws:ec2:ap-northeast-2:925767758380:subnet/subnet-09bcea1495647241f",
            "assign_ipv6_address_on_creation": false,
            "availability_zone": "ap-northeast-2b",
            "availability_zone_id": "apne2-az2",
            "cidr_block": "10.0.2.0/24",
            "customer_owned_ipv4_pool": "",
            "enable_dns64": false,
            "enable_resource_name_dns_a_record_on_launch": false,
            "enable_resource_name_dns_aaaa_record_on_launch": false,
            "id": "subnet-09bcea1495647241f",
            "ipv6_cidr_block": "",
            "ipv6_cidr_block_association_id": "",
            "ipv6_native": false,
            "map_customer_owned_ip_on_launch": false,
            "map_public_ip_on_launch": false,
            "outpost_arn": "",
            "owner_id": "925767758380",
            "private_dns_hostname_type_on_launch": "ip-name",
            "tags": {
              "Environment": "dev",
              "Name": "simple-vpc-private-ap-northeast-2b",
              "Owner": "user"
            },
            "tags_all": {
              "Environment": "dev",
              "Name": "simple-vpc-private-ap-northeast-2b",
              "Owner": "user"
            },
            "timeouts": null,
            "vpc_id": "vpc-0ddf16ed3e5ac4d66"
          },
          "sensitive_attributes": [],
          "private": "eyJlMmJmYjczMC1lY2FhLTExZTYtOGY4OC0zNDM2M2JjN2M0YzAiOnsiY3JlYXRlIjo2MDAwMDAwMDAwMDAsImRlbGV0ZSI6MTIwMDAwMDAwMDAwMH0sInNjaGVtYV92ZXJzaW9uIjoiMSJ9",
          "dependencies": [
            "module.vpc.aws_vpc.this",
            "module.vpc.aws_vpc_ipv4_cidr_block_association.this"
          ]
        },
        {
          "index_key": 2,
          "schema_version": 1,
          "attributes": {
            "arn": "arn:aws:ec2:ap-northeast-2:925767758380:subnet/subnet-0d55cb42078620243",
            "assign_ipv6_address_on_creation": false,
            "availability_zone": "ap-northeast-2c",
            "availability_zone_id": "apne2-az3",
            "cidr_block": "10.0.3.0/24",
            "customer_owned_ipv4_pool": "",
            "enable_dns64": false,
            "enable_resource_name_dns_a_record_on_launch": false,
            "enable_resource_name_dns_aaaa_record_on_launch": false,
            "id": "subnet-0d55cb42078620243",
            "ipv6_cidr_block": "",
            "ipv6_cidr_block_association_id": "",
            "ipv6_native": false,
            "map_customer_owned_ip_on_launch": false,
            "map_public_ip_on_launch": false,
            "outpost_arn": "",
            "owner_id": "925767758380",
            "private_dns_hostname_type_on_launch": "ip-name",
            "tags": {
              "Environment": "dev",
              "Name": "simple-vpc-private-ap-northeast-2c",
              "Owner": "user"
            },
            "tags_all": {
              "Environment": "dev",
              "Name": "simple-vpc-private-ap-northeast-2c",
              "Owner": "user"
            },
            "timeouts": null,
            "vpc_id": "vpc-0ddf16ed3e5ac4d66"
          },
          "sensitive_attributes": [],
          "private": "eyJlMmJmYjczMC1lY2FhLTExZTYtOGY4OC0zNDM2M2JjN2M0YzAiOnsiY3JlYXRlIjo2MDAwMDAwMDAwMDAsImRlbGV0ZSI6MTIwMDAwMDAwMDAwMH0sInNjaGVtYV92ZXJzaW9uIjoiMSJ9",
          "dependencies": [
            "module.vpc.aws_vpc.this",
            "module.vpc.aws_vpc_ipv4_cidr_block_association.this"
          ]
        }
      ]
    },
    {
      "module": "module.vpc",
      "mode": "managed",
      "type": "aws_subnet",
      "name": "public",
      "provider": "provider[\"registry.terraform.io/hashicorp/aws\"]",
      "instances": [
        {
          "index_key": 0,
          "schema_version": 1,
          "attributes": {
            "arn": "arn:aws:ec2:ap-northeast-2:925767758380:subnet/subnet-041ea40205cbaea2b",
            "assign_ipv6_address_on_creation": false,
            "availability_zone": "ap-northeast-2a",
            "availability_zone_id": "apne2-az1",
            "cidr_block": "10.0.101.0/24",
            "customer_owned_ipv4_pool": "",
            "enable_dns64": false,
            "enable_resource_name_dns_a_record_on_launch": false,
            "enable_resource_name_dns_aaaa_record_on_launch": false,
            "id": "subnet-041ea40205cbaea2b",
            "ipv6_cidr_block": "",
            "ipv6_cidr_block_association_id": "",
            "ipv6_native": false,
            "map_customer_owned_ip_on_launch": false,
            "map_public_ip_on_launch": true,
            "outpost_arn": "",
            "owner_id": "925767758380",
            "private_dns_hostname_type_on_launch": "ip-name",
            "tags": {
              "Environment": "dev",
              "Name": "simple-vpc-public-ap-northeast-2a",
              "Owner": "user"
            },
            "tags_all": {
              "Environment": "dev",
              "Name": "simple-vpc-public-ap-northeast-2a",
              "Owner": "user"
            },
            "timeouts": null,
            "vpc_id": "vpc-0ddf16ed3e5ac4d66"
          },
          "sensitive_attributes": [],
          "private": "eyJlMmJmYjczMC1lY2FhLTExZTYtOGY4OC0zNDM2M2JjN2M0YzAiOnsiY3JlYXRlIjo2MDAwMDAwMDAwMDAsImRlbGV0ZSI6MTIwMDAwMDAwMDAwMH0sInNjaGVtYV92ZXJzaW9uIjoiMSJ9",
          "dependencies": [
            "module.vpc.aws_vpc.this",
            "module.vpc.aws_vpc_ipv4_cidr_block_association.this"
          ]
        },
        {
          "index_key": 1,
          "schema_version": 1,
          "attributes": {
            "arn": "arn:aws:ec2:ap-northeast-2:925767758380:subnet/subnet-059f8c6b5c4b805a6",
            "assign_ipv6_address_on_creation": false,
            "availability_zone": "ap-northeast-2b",
            "availability_zone_id": "apne2-az2",
            "cidr_block": "10.0.102.0/24",
            "customer_owned_ipv4_pool": "",
            "enable_dns64": false,
            "enable_resource_name_dns_a_record_on_launch": false,
            "enable_resource_name_dns_aaaa_record_on_launch": false,
            "id": "subnet-059f8c6b5c4b805a6",
            "ipv6_cidr_block": "",
            "ipv6_cidr_block_association_id": "",
            "ipv6_native": false,
            "map_customer_owned_ip_on_launch": false,
            "map_public_ip_on_launch": true,
            "outpost_arn": "",
            "owner_id": "925767758380",
            "private_dns_hostname_type_on_launch": "ip-name",
            "tags": {
              "Environment": "dev",
              "Name": "simple-vpc-public-ap-northeast-2b",
              "Owner": "user"
            },
            "tags_all": {
              "Environment": "dev",
              "Name": "simple-vpc-public-ap-northeast-2b",
              "Owner": "user"
            },
            "timeouts": null,
            "vpc_id": "vpc-0ddf16ed3e5ac4d66"
          },
          "sensitive_attributes": [],
          "private": "eyJlMmJmYjczMC1lY2FhLTExZTYtOGY4OC0zNDM2M2JjN2M0YzAiOnsiY3JlYXRlIjo2MDAwMDAwMDAwMDAsImRlbGV0ZSI6MTIwMDAwMDAwMDAwMH0sInNjaGVtYV92ZXJzaW9uIjoiMSJ9",
          "dependencies": [
            "module.vpc.aws_vpc.this",
            "module.vpc.aws_vpc_ipv4_cidr_block_association.this"
          ]
        },
        {
          "index_key": 2,
          "schema_version": 1,
          "attributes": {
            "arn": "arn:aws:ec2:ap-northeast-2:925767758380:subnet/subnet-09d4e856a94e12a33",
            "assign_ipv6_address_on_creation": false,
            "availability_zone": "ap-northeast-2c",
            "availability_zone_id": "apne2-az3",
            "cidr_block": "10.0.103.0/24",
            "customer_owned_ipv4_pool": "",
            "enable_dns64": false,
            "enable_resource_name_dns_a_record_on_launch": false,
            "enable_resource_name_dns_aaaa_record_on_launch": false,
            "id": "subnet-09d4e856a94e12a33",
            "ipv6_cidr_block": "",
            "ipv6_cidr_block_association_id": "",
            "ipv6_native": false,
            "map_customer_owned_ip_on_launch": false,
            "map_public_ip_on_launch": true,
            "outpost_arn": "",
            "owner_id": "925767758380",
            "private_dns_hostname_type_on_launch": "ip-name",
            "tags": {
              "Environment": "dev",
              "Name": "simple-vpc-public-ap-northeast-2c",
              "Owner": "user"
            },
            "tags_all": {
              "Environment": "dev",
              "Name": "simple-vpc-public-ap-northeast-2c",
              "Owner": "user"
            },
            "timeouts": null,
            "vpc_id": "vpc-0ddf16ed3e5ac4d66"
          },
          "sensitive_attributes": [],
          "private": "eyJlMmJmYjczMC1lY2FhLTExZTYtOGY4OC0zNDM2M2JjN2M0YzAiOnsiY3JlYXRlIjo2MDAwMDAwMDAwMDAsImRlbGV0ZSI6MTIwMDAwMDAwMDAwMH0sInNjaGVtYV92ZXJzaW9uIjoiMSJ9",
          "dependencies": [
            "module.vpc.aws_vpc.this",
            "module.vpc.aws_vpc_ipv4_cidr_block_association.this"
          ]
        }
      ]
    },
    {
      "module": "module.vpc",
      "mode": "managed",
      "type": "aws_vpc",
      "name": "this",
      "provider": "provider[\"registry.terraform.io/hashicorp/aws\"]",
      "instances": [
        {
          "index_key": 0,
          "schema_version": 1,
          "attributes": {
            "arn": "arn:aws:ec2:ap-northeast-2:925767758380:vpc/vpc-0ddf16ed3e5ac4d66",
            "assign_generated_ipv6_cidr_block": true,
            "cidr_block": "10.0.0.0/16",
            "default_network_acl_id": "acl-07266c5874f156faf",
            "default_route_table_id": "rtb-06314bdb00c0727c0",
            "default_security_group_id": "sg-0423077964f5fcfd5",
            "dhcp_options_id": "dopt-098fe4a4d55267f85",
            "enable_classiclink": false,
            "enable_classiclink_dns_support": false,
            "enable_dns_hostnames": false,
            "enable_dns_support": true,
            "id": "vpc-0ddf16ed3e5ac4d66",
            "instance_tenancy": "default",
            "ipv4_ipam_pool_id": null,
            "ipv4_netmask_length": null,
            "ipv6_association_id": "vpc-cidr-assoc-0a12400a3cbb90a35",
            "ipv6_cidr_block": "2406:da12:726:8100::/56",
            "ipv6_cidr_block_network_border_group": "ap-northeast-2",
            "ipv6_ipam_pool_id": "",
            "ipv6_netmask_length": 0,
            "main_route_table_id": "rtb-06314bdb00c0727c0",
            "owner_id": "925767758380",
            "tags": {
              "Environment": "dev",
              "Name": "simple-vpc",
              "Owner": "user"
            },
            "tags_all": {
              "Environment": "dev",
              "Name": "simple-vpc",
              "Owner": "user"
            }
          },
          "sensitive_attributes": [],
          "private": "eyJzY2hlbWFfdmVyc2lvbiI6IjEifQ=="
        }
      ]
    }
  ]
}
